{
  "name": "lib-pareto-main",
  "version": "0.1.0",
  "lockfileVersion": 2,
  "requires": true,
  "packages": {
    "": {
      "name": "lib-pareto-main",
      "version": "0.1.0",
      "license": "ISC",
      "dependencies": {
        "pareto-core-lib": "^0.17.0",
        "pareto-core-types": "^0.10.0"
      }
    },
    "node_modules/pareto-core-internals": {
      "version": "0.11.0",
      "resolved": "https://registry.npmjs.org/pareto-core-internals/-/pareto-core-internals-0.11.0.tgz",
      "integrity": "sha512-r9npJV5EXGSteklXVa9Sr9YcTkv3PQ3bWJK0sWwtuw6rvU4DHC6xYzIU8otnI4SM0f2je72fN6fWh0LaYQNe2A==",
      "dependencies": {
        "pareto-core-types": "^0.10.0"
      }
    },
    "node_modules/pareto-core-lib": {
      "version": "0.17.0",
      "resolved": "https://registry.npmjs.org/pareto-core-lib/-/pareto-core-lib-0.17.0.tgz",
      "integrity": "sha512-C+5Omz9UT8EB8f2AcVd78Kcq+b1IdymQLk9LkywFySieh38AeYtrLRod8tif4wLCeXGIj6T1Py23Pl+5lGWNFg==",
      "dependencies": {
        "pareto-core-internals": "^0.11.0"
      }
    },
    "node_modules/pareto-core-types": {
      "version": "0.10.0",
      "resolved": "https://registry.npmjs.org/pareto-core-types/-/pareto-core-types-0.10.0.tgz",
      "integrity": "sha512-asVi1Eq2wbUfqyOrTFtSP7Tm1flBhfh2Evu90aTgf2xzphs9BFiYvIs9FhNWU7qcvjAup6ISMT6Gjv7mHQivLw=="
    }
  },
  "dependencies": {
    "pareto-core-internals": {
      "version": "0.11.0",
      "resolved": "https://registry.npmjs.org/pareto-core-internals/-/pareto-core-internals-0.11.0.tgz",
      "integrity": "sha512-r9npJV5EXGSteklXVa9Sr9YcTkv3PQ3bWJK0sWwtuw6rvU4DHC6xYzIU8otnI4SM0f2je72fN6fWh0LaYQNe2A==",
      "requires": {
        "pareto-core-types": "^0.10.0"
      }
    },
    "pareto-core-lib": {
      "version": "0.17.0",
      "resolved": "https://registry.npmjs.org/pareto-core-lib/-/pareto-core-lib-0.17.0.tgz",
      "integrity": "sha512-C+5Omz9UT8EB8f2AcVd78Kcq+b1IdymQLk9LkywFySieh38AeYtrLRod8tif4wLCeXGIj6T1Py23Pl+5lGWNFg==",
      "requires": {
        "pareto-core-internals": "^0.11.0"
      }
    },
    "pareto-core-types": {
      "version": "0.10.0",
      "resolved": "https://registry.npmjs.org/pareto-core-types/-/pareto-core-types-0.10.0.tgz",
      "integrity": "sha512-asVi1Eq2wbUfqyOrTFtSP7Tm1flBhfh2Evu90aTgf2xzphs9BFiYvIs9FhNWU7qcvjAup6ISMT6Gjv7mHQivLw=="
    }
  }
}
